github.com/galaco/KeyValues v0.0.0-20181011193740-ba236c98cfc2 h1:QtnlQIhMWX26TEeE5Tek6AQJjgv5oW1ZE/NYRFB4+rw=
github.com/galaco/KeyValues v0.0.0-20181011193740-ba236c98cfc2/go.mod h1:EByNBjnai9BpKGMykvBD3G28R+L6OubVnRkvZrYxP2Y=
github.com/galaco/KeyValues v0.0.0-20181221123550-834ca79bad8a h1:cBCa3SUjpoRMLet6i0b6F1bQfbMBvriLvB/KwWFla9M=
github.com/galaco/KeyValues v0.0.0-20181221123550-834ca79bad8a/go.mod h1:EByNBjnai9BpKGMykvBD3G28R+L6OubVnRkvZrYxP2Y=
github.com/galaco/KeyValues v1.0.1 h1:bbaR8xJAk0vFfEvPsgyFaoKYC5m3GkKiv4MtFk1PXh8=
github.com/galaco/KeyValues v1.0.1/go.mod h1:EByNBjnai9BpKGMykvBD3G28R+L6OubVnRkvZrYxP2Y=
github.com/galaco/KeyValues v1.0.2 h1:6Wk8Tnsgu+Ey/aPIVXh5dQY0hFY1i8dY1bkV69LYwFc=
github.com/galaco/KeyValues v1.0.2/go.mod h1:EByNBjnai9BpKGMykvBD3G28R+L6OubVnRkvZrYxP2Y=
github.com/galaco/KeyValues v1.1.0 h1:n5pwi0j63bpWZsr8OmOjKjSpnvPus/Sqjb3HJuWj7OM=
github.com/galaco/KeyValues v1.1.0/go.mod h1:EByNBjnai9BpKGMykvBD3G28R+L6OubVnRkvZrYxP2Y=
github.com/galaco/KeyValues v1.1.1 h1:I4M0vP4zDLufuelPvykf0zzc/nh6+DXbaml+HLUIF8w=
github.com/galaco/KeyValues v1.1.1/go.mod h1:EByNBjnai9BpKGMykvBD3G28R+L6OubVnRkvZrYxP2Y=
github.com/galaco/KeyValues v1.2.0 h1:IJi/YqtfORod5E3oB2Z0FttgpDke7jMWlrSR9bLPxXA=
github.com/galaco/KeyValues v1.2.0/go.mod h1:EByNBjnai9BpKGMykvBD3G28R+L6OubVnRkvZrYxP2Y=
github.com/galaco/KeyValues v1.2.1 h1:EA0yL6d8fraInS+/4+5IEpyFnbRqXegzlsDHRwBKAEw=
github.com/galaco/KeyValues v1.2.1/go.mod h1:EByNBjnai9BpKGMykvBD3G28R+L6OubVnRkvZrYxP2Y=
github.com/galaco/KeyValues v1.2.2 h1:i6pBFnvKLEeTFNGdSICW6dC6ubg4Ib2TgD7T3OSBS6U=
github.com/galaco/KeyValues v1.2.2/go.mod h1:EByNBjnai9BpKGMykvBD3G28R+L6OubVnRkvZrYxP2Y=
github.com/galaco/KeyValues v1.2.3 h1:WT7P+Djq+7903zLnnw/yyjSxVORwm8NBeI6gYHfzwxE=
github.com/galaco/KeyValues v1.2.3/go.mod h1:EByNBjnai9BpKGMykvBD3G28R+L6OubVnRkvZrYxP2Y=
github.com/galaco/StudioModel v0.0.0-20181028212841-5b8408bcc2af h1:WvaI49oII83yG2LCseuOuIIbo/f5k5iCDvFwe8W5HPI=
github.com/galaco/StudioModel v0.0.0-20181028212841-5b8408bcc2af/go.mod h1:TyLwCRckWSsaQhePyfTOwfSXlEUJ411MwYaVkbPwOMo=
github.com/galaco/bsp v0.0.0-20181206122338-5c49a9094ff9 h1:31PuOdqnRSsbDpqdouUqP/OtHoOBA2udNMOW8wsogzw=
github.com/galaco/bsp v0.0.0-20181206122338-5c49a9094ff9/go.mod h1:RcrH7F/FezUOMXKWuYyWYwrHdamdvFxZqD2lg8LFcnc=
github.com/galaco/bsp v0.1.1 h1:4iR/XeAc4CgwMIhMiZO5cwfb4htD1oIoEkm2gDY9qvg=
github.com/galaco/bsp v0.1.1/go.mod h1:RcrH7F/FezUOMXKWuYyWYwrHdamdvFxZqD2lg8LFcnc=
github.com/galaco/bsp v0.1.2 h1:CFejzoNYfHpWuXNFj+iYAhSS1BovWmDfqa9rVjYGNCg=
github.com/galaco/bsp v0.1.2/go.mod h1:RcrH7F/FezUOMXKWuYyWYwrHdamdvFxZqD2lg8LFcnc=
github.com/galaco/gosigl v0.0.0-20181228204141-a4f1befcc399 h1:ZOSnaTmoxPbJRB3F74zvyCjhLrNXLkqaHizepSDz/rw=
github.com/galaco/gosigl v0.0.0-20181228204141-a4f1befcc399/go.mod h1:bo6fzFnd9DxiwROJFDQ19WrqtSbzRJbJcOTv6lO7lAk=
github.com/galaco/source-tools-common v0.0.0-20181114203108-b70b8e75c546 h1:zWNJVV0bFq+/O7nMK+AJfCXCD4V5vhwukgt/F9TeBa0=
github.com/galaco/source-tools-common v0.0.0-20181114203108-b70b8e75c546/go.mod h1:vcKoSJ6VLGuLDPp2ptTTb1J7D51w5+t02EqlNtwMDLI=
github.com/galaco/vmf v0.0.0-20180309175744-7a9ccb6e8abb h1:15XPqvxG/llf53op1m6Dy4CDiZ+DUvnqc1IEqHdxxN4=
github.com/galaco/vmf v0.0.0-20180309175744-7a9ccb6e8abb/go.mod h1:+hpnZQBHJ5xrERgGMr6f/KO0ZkxEkrvjqr3RI9aNHes=
github.com/galaco/vpk2 v0.0.0-20181012095330-21e4d1f6c888 h1:QCMt6AZ5gwsJ3SNsvTULg/xjZIfmcbRWv6BBnkYNOWI=
github.com/galaco/vpk2 v0.0.0-20181012095330-21e4d1f6c888/go.mod h1:jL22XAWuUlYUmONuamxDdbDlGJhuOFkqNRPJwuBA3X8=
github.com/galaco/vtf v0.0.0-20181112121510-54bb06976efb h1:b+el2mp+Hs7MH6zgYSF9aXCYAgQlPYy2b/bkrhZQ3UQ=
github.com/galaco/vtf v0.0.0-20181112121510-54bb06976efb/go.mod h1:/qXLzN9Et3Ed61RUR4rYXO/eMMFgvEyc4opw/Nw6xkM=
github.com/galaco/vtf v1.0.0 h1:aAisl6NBBzBqCzZd9fsgiQLcTHSNbR3DG3BP5toUeSc=
github.com/galaco/vtf v1.0.0/go.mod h1:/qXLzN9Et3Ed61RUR4rYXO/eMMFgvEyc4opw/Nw6xkM=
github.com/go-gl/gl v0.0.0-20181026044259-55b76b7df9d2 h1:78Hza2KHn2PX1jdydQnffaU2A/xM0g3Nx1xmMdep9Gk=
github.com/go-gl/gl v0.0.0-20181026044259-55b76b7df9d2/go.mod h1:482civXOzJJCPzJ4ZOX/pwvXBWSnzD4OKMdH4ClKGbk=
github.com/go-gl/glfw v0.0.0-20181014061658-691ee1b84c51 h1:elGSwayRx7uAsfA5PnVKeTHh+AVsUTmas0CkHOw/DSk=
github.com/go-gl/glfw v0.0.0-20181014061658-691ee1b84c51/go.mod h1:vR7hzQXu2zJy9AVAgeJqvqgH9Q5CA+iKCZ2gyEVpxRU=
github.com/go-gl/glfw v0.0.0-20181213070059-819e8ce5125f h1:7MsFMbSn8Lcw0blK4+NEOf8DuHoOBDhJsHz04yh13pM=
github.com/go-gl/glfw v0.0.0-20181213070059-819e8ce5125f/go.mod h1:vR7hzQXu2zJy9AVAgeJqvqgH9Q5CA+iKCZ2gyEVpxRU=
github.com/go-gl/mathgl v0.0.0-20180804195959-cdf14b6b8f8a h1:2n5w2v3knlspzjJWyQPC0j88Mwvq0SZV0Jdws34GJwc=
github.com/go-gl/mathgl v0.0.0-20180804195959-cdf14b6b8f8a/go.mod h1:dvrdneKbyWbK2skTda0nM4B9zSlS2GZSnjX7itr/skQ=
github.com/logrusorgru/aurora v0.0.0-20181002194514-a7b3b318ed4e h1:9MlwzLdW7QSDrhDjFlsEYmxpFyIoXmYRon3dt0io31k=
github.com/logrusorgru/aurora v0.0.0-20181002194514-a7b3b318ed4e/go.mod h1:7rIyQOR62GCctdiQpZ/zOJlFyk6y+94wXzv6RNZgaR4=
golang.org/x/image v0.0.0-20181206121112-cd38e8056d9b h1:9WPnadh+EKSlC7bAQtFhmNxmx/rQOj35pa7nFj6b/Dw=
golang.org/x/image v0.0.0-20181206121112-cd38e8056d9b/go.mod h1:ux5Hcp/YLpHSI86hEcLt0YII63i6oz57MZXIpbrjZUs=
