# This file is autogenerated, do not edit; changes may be undone by the next 'dep ensure'.


[[projects]]
  branch = "master"
  name = "github.com/bradhe/stopwatch"
  packages = ["."]
  revision = "fd55e776a960ff999fa1dc7f2a64e0a82d8b1f07"

[[projects]]
  branch = "dev"
  name = "github.com/galaco/bsp"
  packages = [
    ".",
    "lumps",
    "primitives/area",
    "primitives/areaportal",
    "primitives/brush",
    "primitives/brushside",
    "primitives/common",
    "primitives/cubemap",
    "primitives/dispinfo",
    "primitives/disptris",
    "primitives/dispvert",
    "primitives/face",
    "primitives/faceid",
    "primitives/facemacrotextureinfo",
    "primitives/game",
    "primitives/leaf",
    "primitives/leafambientindex",
    "primitives/leafambientlighting",
    "primitives/leafwaterdata",
    "primitives/mapflags",
    "primitives/model",
    "primitives/node",
    "primitives/occlusion",
    "primitives/overlay",
    "primitives/overlayfade",
    "primitives/physcollide",
    "primitives/plane",
    "primitives/primitive",
    "primitives/primvert",
    "primitives/texdata",
    "primitives/texinfo",
    "primitives/vertnormal",
    "primitives/visibility",
    "primitives/worldlight",
    "versions"
  ]
  revision = "57030f2322e62c91ed497233c4cb14c431398ce2"

[[projects]]
  branch = "master"
  name = "github.com/galaco/source-tools-common"
  packages = ["texdatastringtable"]
  revision = "90a6db6872b82f184c6f535d8b5da056418c73c1"

[[projects]]
  branch = "master"
  name = "github.com/galaco/vpk2"
  packages = ["."]
  revision = "3f4d88cb3925ad7bb0d14f5122396421be99a0ce"

[[projects]]
  branch = "master"
  name = "github.com/galaco/vtf"
  packages = [
    ".",
    "colourformat"
  ]
  revision = "c6984e927e1cd6400a8d6cfa69288c9ccfd92933"

[[projects]]
  branch = "master"
  name = "github.com/go-gl/gl"
  packages = ["v4.1-core/gl"]
  revision = "68e2537930806bfcee1b92a0e14b4e9b8bb3a3e3"

[[projects]]
  branch = "master"
  name = "github.com/go-gl/glfw"
  packages = ["v3.2/glfw"]
  revision = "2484f3e51bc432ea9f7daa182e418d5522201176"

[[projects]]
  branch = "master"
  name = "github.com/go-gl/mathgl"
  packages = [
    "mgl32",
    "mgl64"
  ]
  revision = "cdf14b6b8f8a4a1bfb003dd5119205c5f711d85a"

[[projects]]
  branch = "master"
  name = "golang.org/x/image"
  packages = [
    "math/f32",
    "math/f64"
  ]
  revision = "c73c2afc3b812cdd6385de5a50616511c4a3d458"

[solve-meta]
  analyzer-name = "dep"
  analyzer-version = 1
  inputs-digest = "8aa97221e5c73851fc9cc1f1658e06b28f314867a25d696b179028f499f52b03"
  solver-name = "gps-cdcl"
  solver-version = 1
