# This file is autogenerated, do not edit; changes may be undone by the next 'dep ensure'.


[[projects]]
  branch = "master"
  name = "github.com/bradhe/stopwatch"
  packages = ["."]
  revision = "fd55e776a960ff999fa1dc7f2a64e0a82d8b1f07"

[solve-meta]
  analyzer-name = "dep"
  analyzer-version = 1
  inputs-digest = "f6eac27884d14e1b23b42c46fbe14a4c452dc7ee4a223c4b87dfe98376860cc5"
  solver-name = "gps-cdcl"
  solver-version = 1
